Microsoft Visual Studio Solution File, Format Version 12.00
# Visual Studio Version 17
VisualStudioVersion = 17.5.2.0
MinimumVisualStudioVersion = 10.0.40219.1
Project("{FAE04EC0-301F-11D3-BF4B-00C04F79EFBC}") = "tallerCorte2", "tallerCorte2.csproj", "{C618BD73-C280-00C3-7584-32CAA5F0111B}"
EndProject
Global
	GlobalSection(SolutionConfigurationPlatforms) = preSolution
		Debug|Any CPU = Debug|Any CPU
		Release|Any CPU = Release|Any CPU
	EndGlobalSection
	GlobalSection(ProjectConfigurationPlatforms) = postSolution
		{C618BD73-C280-00C3-7584-32CAA5F0111B}.Debug|Any CPU.ActiveCfg = Debug|Any CPU
		{C618BD73-C280-00C3-7584-32CAA5F0111B}.Debug|Any CPU.Build.0 = Debug|Any CPU
		{C618BD73-C280-00C3-7584-32CAA5F0111B}.Release|Any CPU.ActiveCfg = Release|Any CPU
		{C618BD73-C280-00C3-7584-32CAA5F0111B}.Release|Any CPU.Build.0 = Release|Any CPU
	EndGlobalSection
	GlobalSection(SolutionProperties) = preSolution
		HideSolutionNode = FALSE
	EndGlobalSection
	GlobalSection(ExtensibilityGlobals) = postSolution
		SolutionGuid = {3B85D043-6C9E-42BF-B7F2-575E57724585}
	EndGlobalSection
EndGlobal
